<Solution>
  <Project Path="./FeedbackAnalysis.ClientUI/FeedbackAnalysis.ClientUI.csproj" />
  <Project Path="./FeedbackAnalysis.Contracts/FeedbackAnalysis.Contracts.csproj" />
  <Project Path="./FeedbackAnalysis.DataApi/FeedbackAnalysis.DataApi.csproj" />
  <Project Path="./FeedbackAnalysis.FakeFeedbacksService/FeedbackAnalysis.FakeFeedbacksService.csproj" />
  <Project Path="./FeedbackAnalysis.Tests/FeedbackAnalysis.Tests.csproj" />
</Solution>
