<Solution>
  <Project Path="docker-compose.dcproj">
    <Build />
  </Project>
  <Project Path="./FeedbackAnalysis.ClientUI/FeedbackAnalysis.ClientUI.csproj" />
  <Project Path="./FeedbackAnalysis.DataApi/FeedbackAnalysis.DataApi.csproj" />
  <Project Path="./FeedbackAnalysis.WBService/FeedbackAnalysis.WBService.csproj" />
</Solution>
